{
  "object": {
    "pins": [
      {
        "package": "Kingfisher",
        "repositoryURL": "https://github.com/onevcat/Kingfisher.git",
        "state": {
          "branch": null,
          "revision": "8c65ddf756c633d01d9ae01092bf72f0c66dfc60",
          "version": "7.0.0"
        }
      },
      {
        "package": "Lottie",
        "repositoryURL": "https://github.com/airbnb/lottie-ios",
        "state": {
          "branch": null,
          "revision": "79a0b70547f7c40ea54c67487f935fa2f2eaaadc",
          "version": "3.2.3"
        }
      },
      {
        "package": "PocketSVG",
        "repositoryURL": "https://github.com/pocketsvg/PocketSVG.git",
        "state": {
          "branch": null,
          "revision": "51d4fd9ae48e79207034afdd53f365fc2b9d6068",
          "version": "2.7.0"
        }
      }
    ]
  },
  "version": 1
}
